github.com/iguanesolutions/go-systemd/v6 v6.0.0 h1:es2lr18WHH4l+gl2gWzSrGqHV3Sim57qzFJ/JfCWzTg=
github.com/iguanesolutions/go-systemd/v6 v6.0.0/go.mod h1:ro72ooLfdqwFBDKJ1enOlfUOW6+e1dmW60o7YwchcoQ=
github.com/mattn/go-isatty v0.0.20 h1:xfD0iDuEKnDkl03q4limB+vH+GxLEtL/jb4xVJSWWEY=
github.com/mattn/go-isatty v0.0.20/go.mod h1:W+V8PltTTMOvKvAeJH7IuucS94S2C6jfK/D7dTCTo3Y=
golang.org/x/sys v0.6.0/go.mod h1:oPkhp1MJrh7nUepCBck5+mAzfO9JrbApNNgaTdGDITg=
golang.org/x/sys v0.27.0 h1:wBqf8DvsY9Y/2P8gAfPDEYNuS30J4lPHJxXSb/nJZ+s=
golang.org/x/sys v0.27.0/go.mod h1:/VUhepiaJMQUp4+oa/7Zr1D23ma6VTLIYjOOTFZPUcA=
